Microsoft Visual Studio Solution File, Format Version 12.00
# Visual Studio 15
VisualStudioVersion = 15.0.28010.2026
MinimumVisualStudioVersion = 10.0.40219.1
Project("{FAE04EC0-301F-11D3-BF4B-00C04F79EFBC}") = "sample-filestream-streamreader", "sample-filestream-streamreader\sample-filestream-streamreader.csproj", "{466ADC90-5D5D-432B-8AD9-4CEA46F26E8C}"
EndProject
Project("{FAE04EC0-301F-11D3-BF4B-00C04F79EFBC}") = "sample-file", "sample-file\sample-file.csproj", "{FCEEB203-1BD0-48E0-A76C-B812FF90FF78}"
EndProject
Project("{FAE04EC0-301F-11D3-BF4B-00C04F79EFBC}") = "sample-using-block", "sample-using-block\sample-using-block.csproj", "{156C30AB-957C-4C78-BB16-6FEAC61EFEBD}"
EndProject
Project("{FAE04EC0-301F-11D3-BF4B-00C04F79EFBC}") = "sample-streamwriter", "sample-streamwriter\sample-streamwriter.csproj", "{5013DE9D-3690-4C84-9DA8-BE72F6C0E7C1}"
EndProject
Global
	GlobalSection(SolutionConfigurationPlatforms) = preSolution
		Debug|Any CPU = Debug|Any CPU
		Release|Any CPU = Release|Any CPU
	EndGlobalSection
	GlobalSection(ProjectConfigurationPlatforms) = postSolution
		{466ADC90-5D5D-432B-8AD9-4CEA46F26E8C}.Debug|Any CPU.ActiveCfg = Debug|Any CPU
		{466ADC90-5D5D-432B-8AD9-4CEA46F26E8C}.Debug|Any CPU.Build.0 = Debug|Any CPU
		{466ADC90-5D5D-432B-8AD9-4CEA46F26E8C}.Release|Any CPU.ActiveCfg = Release|Any CPU
		{466ADC90-5D5D-432B-8AD9-4CEA46F26E8C}.Release|Any CPU.Build.0 = Release|Any CPU
		{FCEEB203-1BD0-48E0-A76C-B812FF90FF78}.Debug|Any CPU.ActiveCfg = Debug|Any CPU
		{FCEEB203-1BD0-48E0-A76C-B812FF90FF78}.Debug|Any CPU.Build.0 = Debug|Any CPU
		{FCEEB203-1BD0-48E0-A76C-B812FF90FF78}.Release|Any CPU.ActiveCfg = Release|Any CPU
		{FCEEB203-1BD0-48E0-A76C-B812FF90FF78}.Release|Any CPU.Build.0 = Release|Any CPU
		{156C30AB-957C-4C78-BB16-6FEAC61EFEBD}.Debug|Any CPU.ActiveCfg = Debug|Any CPU
		{156C30AB-957C-4C78-BB16-6FEAC61EFEBD}.Debug|Any CPU.Build.0 = Debug|Any CPU
		{156C30AB-957C-4C78-BB16-6FEAC61EFEBD}.Release|Any CPU.ActiveCfg = Release|Any CPU
		{156C30AB-957C-4C78-BB16-6FEAC61EFEBD}.Release|Any CPU.Build.0 = Release|Any CPU
		{5013DE9D-3690-4C84-9DA8-BE72F6C0E7C1}.Debug|Any CPU.ActiveCfg = Debug|Any CPU
		{5013DE9D-3690-4C84-9DA8-BE72F6C0E7C1}.Debug|Any CPU.Build.0 = Debug|Any CPU
		{5013DE9D-3690-4C84-9DA8-BE72F6C0E7C1}.Release|Any CPU.ActiveCfg = Release|Any CPU
		{5013DE9D-3690-4C84-9DA8-BE72F6C0E7C1}.Release|Any CPU.Build.0 = Release|Any CPU
	EndGlobalSection
	GlobalSection(SolutionProperties) = preSolution
		HideSolutionNode = FALSE
	EndGlobalSection
	GlobalSection(ExtensibilityGlobals) = postSolution
		SolutionGuid = {9C1363A3-9BDD-4D40-B05B-B36835DCD547}
	EndGlobalSection
EndGlobal
